
Microsoft Visual Studio Solution File, Format Version 12.00
# Visual Studio 15
VisualStudioVersion = 15.0.27004.2009
MinimumVisualStudioVersion = 10.0.40219.1
Project("{FAE04EC0-301F-11D3-BF4B-00C04F79EFBC}") = "VeryImportantCompanySecurity", "VeryImportantCompanySecurity\VeryImportantCompanySecurity.csproj", "{4E911826-8262-431B-9334-BB48FF1CE791}"
EndProject
Global
	GlobalSection(SolutionConfigurationPlatforms) = preSolution
		Debug|Any CPU = Debug|Any CPU
		Release|Any CPU = Release|Any CPU
	EndGlobalSection
	GlobalSection(ProjectConfigurationPlatforms) = postSolution
		{4E911826-8262-431B-9334-BB48FF1CE791}.Debug|Any CPU.ActiveCfg = Debug|Any CPU
		{4E911826-8262-431B-9334-BB48FF1CE791}.Debug|Any CPU.Build.0 = Debug|Any CPU
		{4E911826-8262-431B-9334-BB48FF1CE791}.Release|Any CPU.ActiveCfg = Release|Any CPU
		{4E911826-8262-431B-9334-BB48FF1CE791}.Release|Any CPU.Build.0 = Release|Any CPU
	EndGlobalSection
	GlobalSection(SolutionProperties) = preSolution
		HideSolutionNode = FALSE
	EndGlobalSection
	GlobalSection(ExtensibilityGlobals) = postSolution
		SolutionGuid = {B326048C-6A84-4F26-993F-33A912FCC68A}
	EndGlobalSection
EndGlobal
